
Microsoft Visual Studio Solution File, Format Version 12.00
# Visual Studio 15
VisualStudioVersion = 15.0.26430.14
MinimumVisualStudioVersion = 10.0.40219.1
Project("{E24C65DC-7377-472B-9ABA-BC803B73C61A}") = "CesiumMeshVisualizer", ".", "{E5487072-AAF2-4F9B-86A2-337FDF36D55E}"
	ProjectSection(WebsiteProperties) = preProject
		TargetFrameworkMoniker = ".NETFramework,Version%3Dv4.0"
		Debug.AspNetCompiler.VirtualPath = "/localhost_5359"
		Debug.AspNetCompiler.PhysicalPath = "..\CesiumMeshVisualizer\"
		Debug.AspNetCompiler.TargetPath = "PrecompiledWeb\localhost_5359\"
		Debug.AspNetCompiler.Updateable = "true"
		Debug.AspNetCompiler.ForceOverwrite = "true"
		Debug.AspNetCompiler.FixedNames = "false"
		Debug.AspNetCompiler.Debug = "True"
		Release.AspNetCompiler.VirtualPath = "/localhost_5359"
		Release.AspNetCompiler.PhysicalPath = "..\CesiumMeshVisualizer\"
		Release.AspNetCompiler.TargetPath = "PrecompiledWeb\localhost_5359\"
		Release.AspNetCompiler.Updateable = "true"
		Release.AspNetCompiler.ForceOverwrite = "true"
		Release.AspNetCompiler.FixedNames = "false"
		Release.AspNetCompiler.Debug = "False"
		VWDPort = "5359"
		SlnRelativePath = "..\CesiumMeshVisualizer\"
	EndProjectSection
EndProject
Global
	GlobalSection(SolutionConfigurationPlatforms) = preSolution
		Debug|Any CPU = Debug|Any CPU
	EndGlobalSection
	GlobalSection(ProjectConfigurationPlatforms) = postSolution
		{E5487072-AAF2-4F9B-86A2-337FDF36D55E}.Debug|Any CPU.ActiveCfg = Debug|Any CPU
		{E5487072-AAF2-4F9B-86A2-337FDF36D55E}.Debug|Any CPU.Build.0 = Debug|Any CPU
	EndGlobalSection
	GlobalSection(SolutionProperties) = preSolution
		HideSolutionNode = FALSE
	EndGlobalSection
	GlobalSection(ExtensibilityGlobals) = postSolution
		SolutionGuid = {58B7085E-EB1C-4773-84CA-B9E098A72730}
	EndGlobalSection
EndGlobal
